// !$*UTF8*$!
{
	archiveVersion = 1;
	classes = {
	};
	objectVersion = 77;
	objects = {

/* Begin PBXContainerItemProxy section */
		CA498CB02E55542F0070FFE0 /* PBXContainerItemProxy */ = {
			isa = PBXContainerItemProxy;
			containerPortal = CA498C972E55542E0070FFE0 /* Project object */;
			proxyType = 1;
			remoteGlobalIDString = CA498C9E2E55542E0070FFE0;
			remoteInfo = Ecosort;
		};
		CA498CBA2E55542F0070FFE0 /* PBXContainerItemProxy */ = {
			isa = PBXContainerItemProxy;
			containerPortal = CA498C972E55542E0070FFE0 /* Project object */;
			proxyType = 1;
			remoteGlobalIDString = CA498C9E2E55542E0070FFE0;
			remoteInfo = Ecosort;
		};
/* End PBXContainerItemProxy section */

/* Begin PBXFileReference section */
		CA498C9F2E55542E0070FFE0 /* EcoSortAI.app */ = {isa = PBXFileReference; explicitFileType = wrapper.application; includeInIndex = 0; path = EcoSortAI.app; sourceTree = BUILT_PRODUCTS_DIR; };
		CA498CAF2E55542F0070FFE0 /* EcoSortAITests.xctest */ = {isa = PBXFileReference; explicitFileType = wrapper.cfbundle; includeInIndex = 0; path = EcoSortAITests.xctest; sourceTree = BUILT_PRODUCTS_DIR; };
		CA498CB92E55542F0070FFE0 /* EcoSortAIUITests.xctest */ = {isa = PBXFileReference; explicitFileType = wrapper.cfbundle; includeInIndex = 0; path = EcoSortAIUITests.xctest; sourceTree = BUILT_PRODUCTS_DIR; };
/* End PBXFileReference section */

/* Begin PBXFileSystemSynchronizedBuildFileExceptionSet section */
		CA498CD82E555E870070FFE0 /* Exceptions for "Ecosort" folder in "EcoSortAI" target */ = {
			isa = PBXFileSystemSynchronizedBuildFileExceptionSet;
			membershipExceptions = (
				Info.plist,
			);
			target = CA498C9E2E55542E0070FFE0 /* EcoSortAI */;
		};
/* End PBXFileSystemSynchronizedBuildFileExceptionSet section */

/* Begin PBXFileSystemSynchronizedRootGroup section */
		CA498CA12E55542E0070FFE0 /* Ecosort */ = {
			isa = PBXFileSystemSynchronizedRootGroup;
			exceptions = (
				CA498CD82E555E870070FFE0 /* Exceptions for "Ecosort" folder in "EcoSortAI" target */,
			);
			path = Ecosort;
			sourceTree = "<group>";
		};
		CA498CB22E55542F0070FFE0 /* EcoSortAITests */ = {
			isa = PBXFileSystemSynchronizedRootGroup;
			path = EcoSortAITests;
			sourceTree = "<group>";
		};
		CA498CBC2E55542F0070FFE0 /* EcoSortAIUITests */ = {
			isa = PBXFileSystemSynchronizedRootGroup;
			path = EcoSortAIUITests;
			sourceTree = "<group>";
		};
/* End PBXFileSystemSynchronizedRootGroup section */

/* Begin PBXFrameworksBuildPhase section */
		CA498C9C2E55542E0070FFE0 /* Frameworks */ = {
			isa = PBXFrameworksBuildPhase;
			buildActionMask = 2147483647;
			files = (
			);
			runOnlyForDeploymentPostprocessing = 0;
		};
		CA498CAC2E55542F0070FFE0 /* Frameworks */ = {
			isa = PBXFrameworksBuildPhase;
			buildActionMask = 2147483647;
			files = (
			);
			runOnlyForDeploymentPostprocessing = 0;
		};
		CA498CB62E55542F0070FFE0 /* Frameworks */ = {
			isa = PBXFrameworksBuildPhase;
			buildActionMask = 2147483647;
			files = (
			);
			runOnlyForDeploymentPostprocessing = 0;
		};
/* End PBXFrameworksBuildPhase section */

/* Begin PBXGroup section */
		CA498C962E55542E0070FFE0 = {
			isa = PBXGroup;
			children = (
				CA498CA12E55542E0070FFE0 /* Ecosort */,
				CA498CB22E55542F0070FFE0 /* EcoSortAITests */,
				CA498CBC2E55542F0070FFE0 /* EcoSortAIUITests */,
				CA498CA02E55542E0070FFE0 /* Products */,
			);
			sourceTree = "<group>";
		};
		CA498CA02E55542E0070FFE0 /* Products */ = {
			isa = PBXGroup;
			children = (
				CA498C9F2E55542E0070FFE0 /* EcoSortAI.app */,
				CA498CAF2E55542F0070FFE0 /* EcoSortAITests.xctest */,
				CA498CB92E55542F0070FFE0 /* EcoSortAIUITests.xctest */,
			);
			name = Products;
			sourceTree = "<group>";
		};
/* End PBXGroup section */

/* Begin PBXNativeTarget section */
		CA498C9E2E55542E0070FFE0 /* EcoSortAI */ = {
			isa = PBXNativeTarget;
			buildConfigurationList = CA498CC32E55542F0070FFE0 /* Build configuration list for PBXNativeTarget "EcoSortAI" */;
			buildPhases = (
				CA498C9B2E55542E0070FFE0 /* Sources */,
				CA498C9C2E55542E0070FFE0 /* Frameworks */,
				CA498C9D2E55542E0070FFE0 /* Resources */,
			);
			buildRules = (
			);
			dependencies = (
			);
			fileSystemSynchronizedGroups = (
				CA498CA12E55542E0070FFE0 /* Ecosort */,
			);
			name = EcoSortAI;
			packageProductDependencies = (
			);
			productName = Ecosort;
			productReference = CA498C9F2E55542E0070FFE0 /* EcoSortAI.app */;
			productType = "com.apple.product-type.application";
		};
		CA498CAE2E55542F0070FFE0 /* EcoSortAITests */ = {
			isa = PBXNativeTarget;
			buildConfigurationList = CA498CC62E55542F0070FFE0 /* Build configuration list for PBXNativeTarget "EcoSortAITests" */;
			buildPhases = (
				CA498CAB2E55542F0070FFE0 /* Sources */,
				CA498CAC2E55542F0070FFE0 /* Frameworks */,
				CA498CAD2E55542F0070FFE0 /* Resources */,
			);
			buildRules = (
			);
			dependencies = (
				CA498CB12E55542F0070FFE0 /* PBXTargetDependency */,
			);
			fileSystemSynchronizedGroups = (
				CA498CB22E55542F0070FFE0 /* EcoSortAITests */,
			);
			name = EcoSortAITests;
			packageProductDependencies = (
			);
			productName = EcosortTests;
			productReference = CA498CAF2E55542F0070FFE0 /* EcoSortAITests.xctest */;
			productType = "com.apple.product-type.bundle.unit-test";
		};
		CA498CB82E55542F0070FFE0 /* EcoSortAIUITests */ = {
			isa = PBXNativeTarget;
			buildConfigurationList = CA498CC92E55542F0070FFE0 /* Build configuration list for PBXNativeTarget "EcoSortAIUITests" */;
			buildPhases = (
				CA498CB52E55542F0070FFE0 /* Sources */,
				CA498CB62E55542F0070FFE0 /* Frameworks */,
				CA498CB72E55542F0070FFE0 /* Resources */,
			);
			buildRules = (
			);
			dependencies = (
				CA498CBB2E55542F0070FFE0 /* PBXTargetDependency */,
			);
			fileSystemSynchronizedGroups = (
				CA498CBC2E55542F0070FFE0 /* EcoSortAIUITests */,
			);
			name = EcoSortAIUITests;
			packageProductDependencies = (
			);
			productName = EcosortUITests;
			productReference = CA498CB92E55542F0070FFE0 /* EcoSortAIUITests.xctest */;
			productType = "com.apple.product-type.bundle.ui-testing";
		};
/* End PBXNativeTarget section */

/* Begin PBXProject section */
		CA498C972E55542E0070FFE0 /* Project object */ = {
			isa = PBXProject;
			attributes = {
				BuildIndependentTargetsInParallel = 1;
				LastSwiftUpdateCheck = 1620;
				LastUpgradeCheck = 1620;
				TargetAttributes = {
					CA498C9E2E55542E0070FFE0 = {
						CreatedOnToolsVersion = 16.2;
					};
					CA498CAE2E55542F0070FFE0 = {
						CreatedOnToolsVersion = 16.2;
						TestTargetID = CA498C9E2E55542E0070FFE0;
					};
					CA498CB82E55542F0070FFE0 = {
						CreatedOnToolsVersion = 16.2;
						TestTargetID = CA498C9E2E55542E0070FFE0;
					};
				};
			};
			buildConfigurationList = CA498C9A2E55542E0070FFE0 /* Build configuration list for PBXProject "EcoSortAI" */;
			developmentRegion = en;
			hasScannedForEncodings = 0;
			knownRegions = (
				en,
				Base,
			);
			mainGroup = CA498C962E55542E0070FFE0;
			minimizedProjectReferenceProxies = 1;
			preferredProjectObjectVersion = 77;
			productRefGroup = CA498CA02E55542E0070FFE0 /* Products */;
			projectDirPath = "";
			projectRoot = "";
			targets = (
				CA498C9E2E55542E0070FFE0 /* EcoSortAI */,
				CA498CAE2E55542F0070FFE0 /* EcoSortAITests */,
				CA498CB82E55542F0070FFE0 /* EcoSortAIUITests */,
			);
		};
/* End PBXProject section */

/* Begin PBXResourcesBuildPhase section */
		CA498C9D2E55542E0070FFE0 /* Resources */ = {
			isa = PBXResourcesBuildPhase;
			buildActionMask = 2147483647;
			files = (
			);
			runOnlyForDeploymentPostprocessing = 0;
		};
		CA498CAD2E55542F0070FFE0 /* Resources */ = {
			isa = PBXResourcesBuildPhase;
			buildActionMask = 2147483647;
			files = (
			);
			runOnlyForDeploymentPostprocessing = 0;
		};
		CA498CB72E55542F0070FFE0 /* Resources */ = {
			isa = PBXResourcesBuildPhase;
			buildActionMask = 2147483647;
			files = (
			);
			runOnlyForDeploymentPostprocessing = 0;
		};
/* End PBXResourcesBuildPhase section */

/* Begin PBXSourcesBuildPhase section */
		CA498C9B2E55542E0070FFE0 /* Sources */ = {
			isa = PBXSourcesBuildPhase;
			buildActionMask = 2147483647;
			files = (
			);
			runOnlyForDeploymentPostprocessing = 0;
		};
		CA498CAB2E55542F0070FFE0 /* Sources */ = {
			isa = PBXSourcesBuildPhase;
			buildActionMask = 2147483647;
			files = (
			);
			runOnlyForDeploymentPostprocessing = 0;
		};
		CA498CB52E55542F0070FFE0 /* Sources */ = {
			isa = PBXSourcesBuildPhase;
			buildActionMask = 2147483647;
			files = (
			);
			runOnlyForDeploymentPostprocessing = 0;
		};
/* End PBXSourcesBuildPhase section */

/* Begin PBXTargetDependency section */
		CA498CB12E55542F0070FFE0 /* PBXTargetDependency */ = {
			isa = PBXTargetDependency;
			target = CA498C9E2E55542E0070FFE0 /* EcoSortAI */;
			targetProxy = CA498CB02E55542F0070FFE0 /* PBXContainerItemProxy */;
		};
		CA498CBB2E55542F0070FFE0 /* PBXTargetDependency */ = {
			isa = PBXTargetDependency;
			target = CA498C9E2E55542E0070FFE0 /* EcoSortAI */;
			targetProxy = CA498CBA2E55542F0070FFE0 /* PBXContainerItemProxy */;
		};
/* End PBXTargetDependency section */

/* Begin XCBuildConfiguration section */
		CA498CC12E55542F0070FFE0 /* Debug */ = {
			isa = XCBuildConfiguration;
			buildSettings = {
				ALWAYS_SEARCH_USER_PATHS = NO;
				ASSETCATALOG_COMPILER_GENERATE_SWIFT_ASSET_SYMBOL_EXTENSIONS = YES;
				CLANG_ANALYZER_NONNULL = YES;
				CLANG_ANALYZER_NUMBER_OBJECT_CONVERSION = YES_AGGRESSIVE;
				CLANG_CXX_LANGUAGE_STANDARD = "gnu++20";
				CLANG_ENABLE_MODULES = YES;
				CLANG_ENABLE_OBJC_ARC = YES;
				CLANG_ENABLE_OBJC_WEAK = YES;
				CLANG_WARN_BLOCK_CAPTURE_AUTORELEASING = YES;
				CLANG_WARN_BOOL_CONVERSION = YES;
				CLANG_WARN_COMMA = YES;
				CLANG_WARN_CONSTANT_CONVERSION = YES;
				CLANG_WARN_DEPRECATED_OBJC_IMPLEMENTATIONS = YES;
				CLANG_WARN_DIRECT_OBJC_ISA_USAGE = YES_ERROR;
				CLANG_WARN_DOCUMENTATION_COMMENTS = YES;
				CLANG_WARN_EMPTY_BODY = YES;
				CLANG_WARN_ENUM_CONVERSION = YES;
				CLANG_WARN_INFINITE_RECURSION = YES;
				CLANG_WARN_INT_CONVERSION = YES;
				CLANG_WARN_NON_LITERAL_NULL_CONVERSION = YES;
				CLANG_WARN_OBJC_IMPLICIT_RETAIN_SELF = YES;
				CLANG_WARN_OBJC_LITERAL_CONVERSION = YES;
				CLANG_WARN_OBJC_ROOT_CLASS = YES_ERROR;
				CLANG_WARN_QUOTED_INCLUDE_IN_FRAMEWORK_HEADER = YES;
				CLANG_WARN_RANGE_LOOP_ANALYSIS = YES;
				CLANG_WARN_STRICT_PROTOTYPES = YES;
				CLANG_WARN_SUSPICIOUS_MOVE = YES;
				CLANG_WARN_UNGUARDED_AVAILABILITY = YES_AGGRESSIVE;
				CLANG_WARN_UNREACHABLE_CODE = YES;
				CLANG_WARN__DUPLICATE_METHOD_MATCH = YES;
				COPY_PHASE_STRIP = NO;
				DEBUG_INFORMATION_FORMAT = dwarf;
				ENABLE_STRICT_OBJC_MSGSEND = YES;
				ENABLE_TESTABILITY = YES;
				ENABLE_USER_SCRIPT_SANDBOXING = YES;
				GCC_C_LANGUAGE_STANDARD = gnu17;
				GCC_DYNAMIC_NO_PIC = NO;
				GCC_NO_COMMON_BLOCKS = YES;
				GCC_OPTIMIZATION_LEVEL = 0;
				GCC_PREPROCESSOR_DEFINITIONS = (
					"DEBUG=1",
					"$(inherited)",
				);
				GCC_WARN_64_TO_32_BIT_CONVERSION = YES;
				GCC_WARN_ABOUT_RETURN_TYPE = YES_ERROR;
				GCC_WARN_UNDECLARED_SELECTOR = YES;
				GCC_WARN_UNINITIALIZED_AUTOS = YES_AGGRESSIVE;
				GCC_WARN_UNUSED_FUNCTION = YES;
				GCC_WARN_UNUSED_VARIABLE = YES;
				IPHONEOS_DEPLOYMENT_TARGET = 18.2;
				LOCALIZATION_PREFERS_STRING_CATALOGS = YES;
				MTL_ENABLE_DEBUG_INFO = INCLUDE_SOURCE;
				MTL_FAST_MATH = YES;
				ONLY_ACTIVE_ARCH = YES;
				SDKROOT = iphoneos;
				SWIFT_ACTIVE_COMPILATION_CONDITIONS = "DEBUG $(inherited)";
				SWIFT_OPTIMIZATION_LEVEL = "-Onone";
			};
			name = Debug;
		};
		CA498CC22E55542F0070FFE0 /* Release */ = {
			isa = XCBuildConfiguration;
			buildSettings = {
				ALWAYS_SEARCH_USER_PATHS = NO;
				ASSETCATALOG_COMPILER_GENERATE_SWIFT_ASSET_SYMBOL_EXTENSIONS = YES;
				CLANG_ANALYZER_NONNULL = YES;
				CLANG_ANALYZER_NUMBER_OBJECT_CONVERSION = YES_AGGRESSIVE;
				CLANG_CXX_LANGUAGE_STANDARD = "gnu++20";
				CLANG_ENABLE_MODULES = YES;
				CLANG_ENABLE_OBJC_ARC = YES;
				CLANG_ENABLE_OBJC_WEAK = YES;
				CLANG_WARN_BLOCK_CAPTURE_AUTORELEASING = YES;
				CLANG_WARN_BOOL_CONVERSION = YES;
				CLANG_WARN_COMMA = YES;
				CLANG_WARN_CONSTANT_CONVERSION = YES;
				CLANG_WARN_DEPRECATED_OBJC_IMPLEMENTATIONS = YES;
				CLANG_WARN_DIRECT_OBJC_ISA_USAGE = YES_ERROR;
				CLANG_WARN_DOCUMENTATION_COMMENTS = YES;
				CLANG_WARN_EMPTY_BODY = YES;
				CLANG_WARN_ENUM_CONVERSION = YES;
				CLANG_WARN_INFINITE_RECURSION = YES;
				CLANG_WARN_INT_CONVERSION = YES;
				CLANG_WARN_NON_LITERAL_NULL_CONVERSION = YES;
				CLANG_WARN_OBJC_IMPLICIT_RETAIN_SELF = YES;
				CLANG_WARN_OBJC_LITERAL_CONVERSION = YES;
				CLANG_WARN_OBJC_ROOT_CLASS = YES_ERROR;
				CLANG_WARN_QUOTED_INCLUDE_IN_FRAMEWORK_HEADER = YES;
				CLANG_WARN_RANGE_LOOP_ANALYSIS = YES;
				CLANG_WARN_STRICT_PROTOTYPES = YES;
				CLANG_WARN_SUSPICIOUS_MOVE = YES;
				CLANG_WARN_UNGUARDED_AVAILABILITY = YES_AGGRESSIVE;
				CLANG_WARN_UNREACHABLE_CODE = YES;
				CLANG_WARN__DUPLICATE_METHOD_MATCH = YES;
				COPY_PHASE_STRIP = NO;
				DEBUG_INFORMATION_FORMAT = "dwarf-with-dsym";
				ENABLE_NS_ASSERTIONS = NO;
				ENABLE_STRICT_OBJC_MSGSEND = YES;
				ENABLE_USER_SCRIPT_SANDBOXING = YES;
				GCC_C_LANGUAGE_STANDARD = gnu17;
				GCC_NO_COMMON_BLOCKS = YES;
				GCC_WARN_64_TO_32_BIT_CONVERSION = YES;
				GCC_WARN_ABOUT_RETURN_TYPE = YES_ERROR;
				GCC_WARN_UNDECLARED_SELECTOR = YES;
				GCC_WARN_UNINITIALIZED_AUTOS = YES_AGGRESSIVE;
				GCC_WARN_UNUSED_FUNCTION = YES;
				GCC_WARN_UNUSED_VARIABLE = YES;
				IPHONEOS_DEPLOYMENT_TARGET = 18.2;
				LOCALIZATION_PREFERS_STRING_CATALOGS = YES;
				MTL_ENABLE_DEBUG_INFO = NO;
				MTL_FAST_MATH = YES;
				SDKROOT = iphoneos;
				SWIFT_COMPILATION_MODE = wholemodule;
				VALIDATE_PRODUCT = YES;
			};
			name = Release;
		};
		CA498CC42E55542F0070FFE0 /* Debug */ = {
			isa = XCBuildConfiguration;
			buildSettings = {
				ASSETCATALOG_COMPILER_APPICON_NAME = AppIcon;
				ASSETCATALOG_COMPILER_GLOBAL_ACCENT_COLOR_NAME = AccentColor;
				CODE_SIGN_STYLE = Automatic;
				CURRENT_PROJECT_VERSION = 1;
				DEVELOPMENT_ASSET_PATHS = "\"Ecosort/Preview Content\"";
				DEVELOPMENT_TEAM = 3X7E6F7ANL;
				ENABLE_PREVIEWS = YES;
				GENERATE_INFOPLIST_FILE = YES;
				INFOPLIST_FILE = Ecosort/Info.plist;
				INFOPLIST_KEY_NSCameraUsageDescription = "";
				INFOPLIST_KEY_NSPhotoLibraryAddUsageDescription = "";
				INFOPLIST_KEY_NSPhotoLibraryUsageDescription = "";
				INFOPLIST_KEY_UIApplicationSceneManifest_Generation = YES;
				INFOPLIST_KEY_UIApplicationSupportsIndirectInputEvents = YES;
				INFOPLIST_KEY_UILaunchScreen_Generation = YES;
				INFOPLIST_KEY_UISupportedInterfaceOrientations_iPad = "UIInterfaceOrientationPortrait UIInterfaceOrientationPortraitUpsideDown UIInterfaceOrientationLandscapeLeft UIInterfaceOrientationLandscapeRight";
				INFOPLIST_KEY_UISupportedInterfaceOrientations_iPhone = "UIInterfaceOrientationPortrait UIInterfaceOrientationLandscapeLeft UIInterfaceOrientationLandscapeRight";
				LD_RUNPATH_SEARCH_PATHS = (
					"$(inherited)",
					"@executable_path/Frameworks",
				);
				MARKETING_VERSION = 1.0;
				PRODUCT_BUNDLE_IDENTIFIER = com.narmade.educationalApp.Ecosort;
				PRODUCT_NAME = "$(TARGET_NAME)";
				SWIFT_EMIT_LOC_STRINGS = YES;
				SWIFT_VERSION = 5.0;
				TARGETED_DEVICE_FAMILY = "1,2";
			};
			name = Debug;
		};
		CA498CC52E55542F0070FFE0 /* Release */ = {
			isa = XCBuildConfiguration;
			buildSettings = {
				ASSETCATALOG_COMPILER_APPICON_NAME = AppIcon;
				ASSETCATALOG_COMPILER_GLOBAL_ACCENT_COLOR_NAME = AccentColor;
				CODE_SIGN_STYLE = Automatic;
				CURRENT_PROJECT_VERSION = 1;
				DEVELOPMENT_ASSET_PATHS = "\"Ecosort/Preview Content\"";
				DEVELOPMENT_TEAM = 3X7E6F7ANL;
				ENABLE_PREVIEWS = YES;
				GENERATE_INFOPLIST_FILE = YES;
				INFOPLIST_FILE = Ecosort/Info.plist;
				INFOPLIST_KEY_NSCameraUsageDescription = "";
				INFOPLIST_KEY_NSPhotoLibraryAddUsageDescription = "";
				INFOPLIST_KEY_NSPhotoLibraryUsageDescription = "";
				INFOPLIST_KEY_UIApplicationSceneManifest_Generation = YES;
				INFOPLIST_KEY_UIApplicationSupportsIndirectInputEvents = YES;
				INFOPLIST_KEY_UILaunchScreen_Generation = YES;
				INFOPLIST_KEY_UISupportedInterfaceOrientations_iPad = "UIInterfaceOrientationPortrait UIInterfaceOrientationPortraitUpsideDown UIInterfaceOrientationLandscapeLeft UIInterfaceOrientationLandscapeRight";
				INFOPLIST_KEY_UISupportedInterfaceOrientations_iPhone = "UIInterfaceOrientationPortrait UIInterfaceOrientationLandscapeLeft UIInterfaceOrientationLandscapeRight";
				LD_RUNPATH_SEARCH_PATHS = (
					"$(inherited)",
					"@executable_path/Frameworks",
				);
				MARKETING_VERSION = 1.0;
				PRODUCT_BUNDLE_IDENTIFIER = com.narmade.educationalApp.Ecosort;
				PRODUCT_NAME = "$(TARGET_NAME)";
				SWIFT_EMIT_LOC_STRINGS = YES;
				SWIFT_VERSION = 5.0;
				TARGETED_DEVICE_FAMILY = "1,2";
			};
			name = Release;
		};
		CA498CC72E55542F0070FFE0 /* Debug */ = {
			isa = XCBuildConfiguration;
			buildSettings = {
				BUNDLE_LOADER = "$(TEST_HOST)";
				CODE_SIGN_STYLE = Automatic;
				CURRENT_PROJECT_VERSION = 1;
				DEVELOPMENT_TEAM = 3X7E6F7ANL;
				GENERATE_INFOPLIST_FILE = YES;
				IPHONEOS_DEPLOYMENT_TARGET = 18.2;
				MARKETING_VERSION = 1.0;
				PRODUCT_BUNDLE_IDENTIFIER = com.narmade.educationalApp.EcosortTests;
				PRODUCT_NAME = "$(TARGET_NAME)";
				SWIFT_EMIT_LOC_STRINGS = NO;
				SWIFT_VERSION = 5.0;
				TARGETED_DEVICE_FAMILY = "1,2";
				TEST_HOST = "$(BUILT_PRODUCTS_DIR)/EcoSortAI.app/$(BUNDLE_EXECUTABLE_FOLDER_PATH)/EcoSortAI";
			};
			name = Debug;
		};
		CA498CC82E55542F0070FFE0 /* Release */ = {
			isa = XCBuildConfiguration;
			buildSettings = {
				BUNDLE_LOADER = "$(TEST_HOST)";
				CODE_SIGN_STYLE = Automatic;
				CURRENT_PROJECT_VERSION = 1;
				DEVELOPMENT_TEAM = 3X7E6F7ANL;
				GENERATE_INFOPLIST_FILE = YES;
				IPHONEOS_DEPLOYMENT_TARGET = 18.2;
				MARKETING_VERSION = 1.0;
				PRODUCT_BUNDLE_IDENTIFIER = com.narmade.educationalApp.EcosortTests;
				PRODUCT_NAME = "$(TARGET_NAME)";
				SWIFT_EMIT_LOC_STRINGS = NO;
				SWIFT_VERSION = 5.0;
				TARGETED_DEVICE_FAMILY = "1,2";
				TEST_HOST = "$(BUILT_PRODUCTS_DIR)/EcoSortAI.app/$(BUNDLE_EXECUTABLE_FOLDER_PATH)/EcoSortAI";
			};
			name = Release;
		};
		CA498CCA2E55542F0070FFE0 /* Debug */ = {
			isa = XCBuildConfiguration;
			buildSettings = {
				CODE_SIGN_STYLE = Automatic;
				CURRENT_PROJECT_VERSION = 1;
				DEVELOPMENT_TEAM = 3X7E6F7ANL;
				GENERATE_INFOPLIST_FILE = YES;
				MARKETING_VERSION = 1.0;
				PRODUCT_BUNDLE_IDENTIFIER = com.narmade.educationalApp.EcosortUITests;
				PRODUCT_NAME = "$(TARGET_NAME)";
				SWIFT_EMIT_LOC_STRINGS = NO;
				SWIFT_VERSION = 5.0;
				TARGETED_DEVICE_FAMILY = "1,2";
				TEST_TARGET_NAME = Ecosort;
			};
			name = Debug;
		};
		CA498CCB2E55542F0070FFE0 /* Release */ = {
			isa = XCBuildConfiguration;
			buildSettings = {
				CODE_SIGN_STYLE = Automatic;
				CURRENT_PROJECT_VERSION = 1;
				DEVELOPMENT_TEAM = 3X7E6F7ANL;
				GENERATE_INFOPLIST_FILE = YES;
				MARKETING_VERSION = 1.0;
				PRODUCT_BUNDLE_IDENTIFIER = com.narmade.educationalApp.EcosortUITests;
				PRODUCT_NAME = "$(TARGET_NAME)";
				SWIFT_EMIT_LOC_STRINGS = NO;
				SWIFT_VERSION = 5.0;
				TARGETED_DEVICE_FAMILY = "1,2";
				TEST_TARGET_NAME = Ecosort;
			};
			name = Release;
		};
/* End XCBuildConfiguration section */

/* Begin XCConfigurationList section */
		CA498C9A2E55542E0070FFE0 /* Build configuration list for PBXProject "EcoSortAI" */ = {
			isa = XCConfigurationList;
			buildConfigurations = (
				CA498CC12E55542F0070FFE0 /* Debug */,
				CA498CC22E55542F0070FFE0 /* Release */,
			);
			defaultConfigurationIsVisible = 0;
			defaultConfigurationName = Release;
		};
		CA498CC32E55542F0070FFE0 /* Build configuration list for PBXNativeTarget "EcoSortAI" */ = {
			isa = XCConfigurationList;
			buildConfigurations = (
				CA498CC42E55542F0070FFE0 /* Debug */,
				CA498CC52E55542F0070FFE0 /* Release */,
			);
			defaultConfigurationIsVisible = 0;
			defaultConfigurationName = Release;
		};
		CA498CC62E55542F0070FFE0 /* Build configuration list for PBXNativeTarget "EcoSortAITests" */ = {
			isa = XCConfigurationList;
			buildConfigurations = (
				CA498CC72E55542F0070FFE0 /* Debug */,
				CA498CC82E55542F0070FFE0 /* Release */,
			);
			defaultConfigurationIsVisible = 0;
			defaultConfigurationName = Release;
		};
		CA498CC92E55542F0070FFE0 /* Build configuration list for PBXNativeTarget "EcoSortAIUITests" */ = {
			isa = XCConfigurationList;
			buildConfigurations = (
				CA498CCA2E55542F0070FFE0 /* Debug */,
				CA498CCB2E55542F0070FFE0 /* Release */,
			);
			defaultConfigurationIsVisible = 0;
			defaultConfigurationName = Release;
		};
/* End XCConfigurationList section */
	};
	rootObject = CA498C972E55542E0070FFE0 /* Project object */;
}
